
Microsoft Visual Studio Solution File, Format Version 12.00
# Visual Studio Version 16
VisualStudioVersion = 16.0.29025.244
MinimumVisualStudioVersion = 10.0.40219.1
Project("{9A19103F-16F7-4668-BE54-9A1E7A4F7556}") = "ex_class", "ex_class\ex_class.csproj", "{8790B3A7-8B4D-430A-AC18-F616913B9EAC}"
EndProject
Project("{FAE04EC0-301F-11D3-BF4B-00C04F79EFBC}") = "constructor", "constructor\constructor.csproj", "{2BFE2C7B-CE7A-4713-8428-21D7E22B89E9}"
EndProject
Project("{FAE04EC0-301F-11D3-BF4B-00C04F79EFBC}") = "static_method", "static_method\static_method.csproj", "{AAD78968-5052-4B6E-B94F-3629B4665609}"
EndProject
Project("{FAE04EC0-301F-11D3-BF4B-00C04F79EFBC}") = "ex_deepcopy", "ex_deepcopy\ex_deepcopy.csproj", "{3784FE07-A8DB-4A64-A7B3-16F93C49062A}"
EndProject
Project("{FAE04EC0-301F-11D3-BF4B-00C04F79EFBC}") = "this_constructor", "this_constructor\this_constructor.csproj", "{F35B291F-5619-4199-BBCA-E9F216C381EB}"
EndProject
Project("{FAE04EC0-301F-11D3-BF4B-00C04F79EFBC}") = "inheritance", "inheritance\inheritance.csproj", "{8519E7C1-E217-4F70-BCB6-B876B4DB8A70}"
EndProject
Project("{FAE04EC0-301F-11D3-BF4B-00C04F79EFBC}") = "type_casting", "type_casting\type_casting.csproj", "{D538E9DA-7EBF-49C4-9FD2-F988EA98F37F}"
EndProject
Global
	GlobalSection(SolutionConfigurationPlatforms) = preSolution
		Debug|Any CPU = Debug|Any CPU
		Release|Any CPU = Release|Any CPU
	EndGlobalSection
	GlobalSection(ProjectConfigurationPlatforms) = postSolution
		{8790B3A7-8B4D-430A-AC18-F616913B9EAC}.Debug|Any CPU.ActiveCfg = Debug|Any CPU
		{8790B3A7-8B4D-430A-AC18-F616913B9EAC}.Debug|Any CPU.Build.0 = Debug|Any CPU
		{8790B3A7-8B4D-430A-AC18-F616913B9EAC}.Release|Any CPU.ActiveCfg = Release|Any CPU
		{8790B3A7-8B4D-430A-AC18-F616913B9EAC}.Release|Any CPU.Build.0 = Release|Any CPU
		{2BFE2C7B-CE7A-4713-8428-21D7E22B89E9}.Debug|Any CPU.ActiveCfg = Debug|Any CPU
		{2BFE2C7B-CE7A-4713-8428-21D7E22B89E9}.Debug|Any CPU.Build.0 = Debug|Any CPU
		{2BFE2C7B-CE7A-4713-8428-21D7E22B89E9}.Release|Any CPU.ActiveCfg = Release|Any CPU
		{2BFE2C7B-CE7A-4713-8428-21D7E22B89E9}.Release|Any CPU.Build.0 = Release|Any CPU
		{AAD78968-5052-4B6E-B94F-3629B4665609}.Debug|Any CPU.ActiveCfg = Debug|Any CPU
		{AAD78968-5052-4B6E-B94F-3629B4665609}.Debug|Any CPU.Build.0 = Debug|Any CPU
		{AAD78968-5052-4B6E-B94F-3629B4665609}.Release|Any CPU.ActiveCfg = Release|Any CPU
		{AAD78968-5052-4B6E-B94F-3629B4665609}.Release|Any CPU.Build.0 = Release|Any CPU
		{3784FE07-A8DB-4A64-A7B3-16F93C49062A}.Debug|Any CPU.ActiveCfg = Debug|Any CPU
		{3784FE07-A8DB-4A64-A7B3-16F93C49062A}.Debug|Any CPU.Build.0 = Debug|Any CPU
		{3784FE07-A8DB-4A64-A7B3-16F93C49062A}.Release|Any CPU.ActiveCfg = Release|Any CPU
		{3784FE07-A8DB-4A64-A7B3-16F93C49062A}.Release|Any CPU.Build.0 = Release|Any CPU
		{F35B291F-5619-4199-BBCA-E9F216C381EB}.Debug|Any CPU.ActiveCfg = Debug|Any CPU
		{F35B291F-5619-4199-BBCA-E9F216C381EB}.Debug|Any CPU.Build.0 = Debug|Any CPU
		{F35B291F-5619-4199-BBCA-E9F216C381EB}.Release|Any CPU.ActiveCfg = Release|Any CPU
		{F35B291F-5619-4199-BBCA-E9F216C381EB}.Release|Any CPU.Build.0 = Release|Any CPU
		{8519E7C1-E217-4F70-BCB6-B876B4DB8A70}.Debug|Any CPU.ActiveCfg = Debug|Any CPU
		{8519E7C1-E217-4F70-BCB6-B876B4DB8A70}.Debug|Any CPU.Build.0 = Debug|Any CPU
		{8519E7C1-E217-4F70-BCB6-B876B4DB8A70}.Release|Any CPU.ActiveCfg = Release|Any CPU
		{8519E7C1-E217-4F70-BCB6-B876B4DB8A70}.Release|Any CPU.Build.0 = Release|Any CPU
		{D538E9DA-7EBF-49C4-9FD2-F988EA98F37F}.Debug|Any CPU.ActiveCfg = Debug|Any CPU
		{D538E9DA-7EBF-49C4-9FD2-F988EA98F37F}.Debug|Any CPU.Build.0 = Debug|Any CPU
		{D538E9DA-7EBF-49C4-9FD2-F988EA98F37F}.Release|Any CPU.ActiveCfg = Release|Any CPU
		{D538E9DA-7EBF-49C4-9FD2-F988EA98F37F}.Release|Any CPU.Build.0 = Release|Any CPU
	EndGlobalSection
	GlobalSection(SolutionProperties) = preSolution
		HideSolutionNode = FALSE
	EndGlobalSection
	GlobalSection(ExtensibilityGlobals) = postSolution
		SolutionGuid = {1759A229-0CC1-47FA-A6AC-4FDBBD623ECE}
	EndGlobalSection
EndGlobal
