
Microsoft Visual Studio Solution File, Format Version 12.00
# Visual Studio Version 16
VisualStudioVersion = 16.0.29102.190
MinimumVisualStudioVersion = 10.0.40219.1
Project("{FAE04EC0-301F-11D3-BF4B-00C04F79EFBC}") = "ex_property", "ex_property\ex_property.csproj", "{41784A73-E4BF-4C4A-BABE-370F77E9033C}"
EndProject
Project("{FAE04EC0-301F-11D3-BF4B-00C04F79EFBC}") = "autoproperty", "autoproperty\autoproperty.csproj", "{C07C4EB2-2304-4504-95D1-BB1028479FBF}"
EndProject
Project("{FAE04EC0-301F-11D3-BF4B-00C04F79EFBC}") = "constructorpropertty", "constructorpropertty\constructorpropertty.csproj", "{27F1BE7B-1948-4701-9A51-EB948E3F8D15}"
EndProject
Global
	GlobalSection(SolutionConfigurationPlatforms) = preSolution
		Debug|Any CPU = Debug|Any CPU
		Release|Any CPU = Release|Any CPU
	EndGlobalSection
	GlobalSection(ProjectConfigurationPlatforms) = postSolution
		{41784A73-E4BF-4C4A-BABE-370F77E9033C}.Debug|Any CPU.ActiveCfg = Debug|Any CPU
		{41784A73-E4BF-4C4A-BABE-370F77E9033C}.Debug|Any CPU.Build.0 = Debug|Any CPU
		{41784A73-E4BF-4C4A-BABE-370F77E9033C}.Release|Any CPU.ActiveCfg = Release|Any CPU
		{41784A73-E4BF-4C4A-BABE-370F77E9033C}.Release|Any CPU.Build.0 = Release|Any CPU
		{C07C4EB2-2304-4504-95D1-BB1028479FBF}.Debug|Any CPU.ActiveCfg = Debug|Any CPU
		{C07C4EB2-2304-4504-95D1-BB1028479FBF}.Debug|Any CPU.Build.0 = Debug|Any CPU
		{C07C4EB2-2304-4504-95D1-BB1028479FBF}.Release|Any CPU.ActiveCfg = Release|Any CPU
		{C07C4EB2-2304-4504-95D1-BB1028479FBF}.Release|Any CPU.Build.0 = Release|Any CPU
		{27F1BE7B-1948-4701-9A51-EB948E3F8D15}.Debug|Any CPU.ActiveCfg = Debug|Any CPU
		{27F1BE7B-1948-4701-9A51-EB948E3F8D15}.Debug|Any CPU.Build.0 = Debug|Any CPU
		{27F1BE7B-1948-4701-9A51-EB948E3F8D15}.Release|Any CPU.ActiveCfg = Release|Any CPU
		{27F1BE7B-1948-4701-9A51-EB948E3F8D15}.Release|Any CPU.Build.0 = Release|Any CPU
	EndGlobalSection
	GlobalSection(SolutionProperties) = preSolution
		HideSolutionNode = FALSE
	EndGlobalSection
	GlobalSection(ExtensibilityGlobals) = postSolution
		SolutionGuid = {78B503F6-9740-4834-8D90-8E96BC8CAA1F}
	EndGlobalSection
EndGlobal
