
Microsoft Visual Studio Solution File, Format Version 12.00
# Visual Studio Version 16
VisualStudioVersion = 16.0.29009.5
MinimumVisualStudioVersion = 10.0.40219.1
Project("{FAE04EC0-301F-11D3-BF4B-00C04F79EFBC}") = "DataType", "DataType\DataType.csproj", "{C883C47D-EC4F-42B9-9DD2-E6DFD48C7965}"
EndProject
Global
	GlobalSection(SolutionConfigurationPlatforms) = preSolution
		Debug|Any CPU = Debug|Any CPU
		Release|Any CPU = Release|Any CPU
	EndGlobalSection
	GlobalSection(ProjectConfigurationPlatforms) = postSolution
		{C883C47D-EC4F-42B9-9DD2-E6DFD48C7965}.Debug|Any CPU.ActiveCfg = Debug|Any CPU
		{C883C47D-EC4F-42B9-9DD2-E6DFD48C7965}.Debug|Any CPU.Build.0 = Debug|Any CPU
		{C883C47D-EC4F-42B9-9DD2-E6DFD48C7965}.Release|Any CPU.ActiveCfg = Release|Any CPU
		{C883C47D-EC4F-42B9-9DD2-E6DFD48C7965}.Release|Any CPU.Build.0 = Release|Any CPU
	EndGlobalSection
	GlobalSection(SolutionProperties) = preSolution
		HideSolutionNode = FALSE
	EndGlobalSection
	GlobalSection(ExtensibilityGlobals) = postSolution
		SolutionGuid = {52EBF82A-22E4-42BA-A89F-F104DF7C3AF2}
	EndGlobalSection
EndGlobal
