
Microsoft Visual Studio Solution File, Format Version 12.00
# Visual Studio Version 16
VisualStudioVersion = 16.0.29102.190
MinimumVisualStudioVersion = 10.0.40219.1
Project("{FAE04EC0-301F-11D3-BF4B-00C04F79EFBC}") = "IPAddress01", "IPAddress\IPAddress01.csproj", "{E9B137C3-886D-41AF-827E-42503D538ECB}"
EndProject
Global
	GlobalSection(SolutionConfigurationPlatforms) = preSolution
		Debug|Any CPU = Debug|Any CPU
		Release|Any CPU = Release|Any CPU
	EndGlobalSection
	GlobalSection(ProjectConfigurationPlatforms) = postSolution
		{E9B137C3-886D-41AF-827E-42503D538ECB}.Debug|Any CPU.ActiveCfg = Debug|Any CPU
		{E9B137C3-886D-41AF-827E-42503D538ECB}.Debug|Any CPU.Build.0 = Debug|Any CPU
		{E9B137C3-886D-41AF-827E-42503D538ECB}.Release|Any CPU.ActiveCfg = Release|Any CPU
		{E9B137C3-886D-41AF-827E-42503D538ECB}.Release|Any CPU.Build.0 = Release|Any CPU
	EndGlobalSection
	GlobalSection(SolutionProperties) = preSolution
		HideSolutionNode = FALSE
	EndGlobalSection
	GlobalSection(ExtensibilityGlobals) = postSolution
		SolutionGuid = {7373A98C-C3F7-451F-B6B9-FC23515BAA7C}
	EndGlobalSection
EndGlobal
