
Microsoft Visual Studio Solution File, Format Version 12.00
# Visual Studio Version 16
VisualStudioVersion = 16.0.29102.190
MinimumVisualStudioVersion = 10.0.40219.1
Project("{FAE04EC0-301F-11D3-BF4B-00C04F79EFBC}") = "basicthread", "basicthread\basicthread.csproj", "{F5015D95-B816-439E-BD2A-31EA97376BF1}"
EndProject
Global
	GlobalSection(SolutionConfigurationPlatforms) = preSolution
		Debug|Any CPU = Debug|Any CPU
		Release|Any CPU = Release|Any CPU
	EndGlobalSection
	GlobalSection(ProjectConfigurationPlatforms) = postSolution
		{F5015D95-B816-439E-BD2A-31EA97376BF1}.Debug|Any CPU.ActiveCfg = Debug|Any CPU
		{F5015D95-B816-439E-BD2A-31EA97376BF1}.Debug|Any CPU.Build.0 = Debug|Any CPU
		{F5015D95-B816-439E-BD2A-31EA97376BF1}.Release|Any CPU.ActiveCfg = Release|Any CPU
		{F5015D95-B816-439E-BD2A-31EA97376BF1}.Release|Any CPU.Build.0 = Release|Any CPU
	EndGlobalSection
	GlobalSection(SolutionProperties) = preSolution
		HideSolutionNode = FALSE
	EndGlobalSection
	GlobalSection(ExtensibilityGlobals) = postSolution
		SolutionGuid = {C147F42D-4D1F-4CAD-B326-566CBD900358}
	EndGlobalSection
EndGlobal
