
Microsoft Visual Studio Solution File, Format Version 12.00
# Visual Studio Version 16
VisualStudioVersion = 16.0.29102.190
MinimumVisualStudioVersion = 10.0.40219.1
Project("{FAE04EC0-301F-11D3-BF4B-00C04F79EFBC}") = "ex_simple_LINQ", "ex_simple_LINQ\ex_simple_LINQ.csproj", "{4BEA27AF-F64C-47F4-8C3E-A3C1E04EAC8E}"
EndProject
Global
	GlobalSection(SolutionConfigurationPlatforms) = preSolution
		Debug|Any CPU = Debug|Any CPU
		Release|Any CPU = Release|Any CPU
	EndGlobalSection
	GlobalSection(ProjectConfigurationPlatforms) = postSolution
		{4BEA27AF-F64C-47F4-8C3E-A3C1E04EAC8E}.Debug|Any CPU.ActiveCfg = Debug|Any CPU
		{4BEA27AF-F64C-47F4-8C3E-A3C1E04EAC8E}.Debug|Any CPU.Build.0 = Debug|Any CPU
		{4BEA27AF-F64C-47F4-8C3E-A3C1E04EAC8E}.Release|Any CPU.ActiveCfg = Release|Any CPU
		{4BEA27AF-F64C-47F4-8C3E-A3C1E04EAC8E}.Release|Any CPU.Build.0 = Release|Any CPU
	EndGlobalSection
	GlobalSection(SolutionProperties) = preSolution
		HideSolutionNode = FALSE
	EndGlobalSection
	GlobalSection(ExtensibilityGlobals) = postSolution
		SolutionGuid = {DF38264D-1A84-4137-B175-584DD44FBFEF}
	EndGlobalSection
EndGlobal
